
Microsoft Visual Studio Solution File, Format Version 12.00
# Visual Studio Version 17
VisualStudioVersion = 17.7.34031.279
MinimumVisualStudioVersion = 10.0.40219.1
Project("{9A19103F-16F7-4668-BE54-9A1E7A4F7556}") = "Media.Domain", "Media.Domain.csproj", "{6723BF4C-F940-4D34-B551-F00D3260B558}"
EndProject
Project("{9A19103F-16F7-4668-BE54-9A1E7A4F7556}") = "Media.Application", "..\Commerace.Application\Media.Application.csproj", "{58DA46F5-18B4-49E6-934D-194A8E5B212E}"
EndProject
Project("{9A19103F-16F7-4668-BE54-9A1E7A4F7556}") = "Media.Infrastructure", "..\Commerace.Infrastructure\Media.Infrastructure.csproj", "{6C411ECA-3043-46F2-A8C5-989A33FF1236}"
EndProject
Project("{9A19103F-16F7-4668-BE54-9A1E7A4F7556}") = "Commerace.Api", "..\Commerace.Api\Commerace.Api.csproj", "{C9C0348A-C8F5-4080-AB9C-E40BA9FCA2F0}"
EndProject
Project("{FAE04EC0-301F-11D3-BF4B-00C04F79EFBC}") = "Media.Persistence", "..\Media.Persistence\Media.Persistence.csproj", "{44FC6CE0-41FF-4A3C-AD77-FAA19E3CAAC9}"
EndProject
Global
	GlobalSection(SolutionConfigurationPlatforms) = preSolution
		Debug|Any CPU = Debug|Any CPU
		Release|Any CPU = Release|Any CPU
	EndGlobalSection
	GlobalSection(ProjectConfigurationPlatforms) = postSolution
		{6723BF4C-F940-4D34-B551-F00D3260B558}.Debug|Any CPU.ActiveCfg = Debug|Any CPU
		{6723BF4C-F940-4D34-B551-F00D3260B558}.Debug|Any CPU.Build.0 = Debug|Any CPU
		{6723BF4C-F940-4D34-B551-F00D3260B558}.Release|Any CPU.ActiveCfg = Release|Any CPU
		{6723BF4C-F940-4D34-B551-F00D3260B558}.Release|Any CPU.Build.0 = Release|Any CPU
		{58DA46F5-18B4-49E6-934D-194A8E5B212E}.Debug|Any CPU.ActiveCfg = Debug|Any CPU
		{58DA46F5-18B4-49E6-934D-194A8E5B212E}.Debug|Any CPU.Build.0 = Debug|Any CPU
		{58DA46F5-18B4-49E6-934D-194A8E5B212E}.Release|Any CPU.ActiveCfg = Release|Any CPU
		{58DA46F5-18B4-49E6-934D-194A8E5B212E}.Release|Any CPU.Build.0 = Release|Any CPU
		{6C411ECA-3043-46F2-A8C5-989A33FF1236}.Debug|Any CPU.ActiveCfg = Debug|Any CPU
		{6C411ECA-3043-46F2-A8C5-989A33FF1236}.Debug|Any CPU.Build.0 = Debug|Any CPU
		{6C411ECA-3043-46F2-A8C5-989A33FF1236}.Release|Any CPU.ActiveCfg = Release|Any CPU
		{6C411ECA-3043-46F2-A8C5-989A33FF1236}.Release|Any CPU.Build.0 = Release|Any CPU
		{C9C0348A-C8F5-4080-AB9C-E40BA9FCA2F0}.Debug|Any CPU.ActiveCfg = Debug|Any CPU
		{C9C0348A-C8F5-4080-AB9C-E40BA9FCA2F0}.Debug|Any CPU.Build.0 = Debug|Any CPU
		{C9C0348A-C8F5-4080-AB9C-E40BA9FCA2F0}.Release|Any CPU.ActiveCfg = Release|Any CPU
		{C9C0348A-C8F5-4080-AB9C-E40BA9FCA2F0}.Release|Any CPU.Build.0 = Release|Any CPU
		{44FC6CE0-41FF-4A3C-AD77-FAA19E3CAAC9}.Debug|Any CPU.ActiveCfg = Debug|Any CPU
		{44FC6CE0-41FF-4A3C-AD77-FAA19E3CAAC9}.Debug|Any CPU.Build.0 = Debug|Any CPU
		{44FC6CE0-41FF-4A3C-AD77-FAA19E3CAAC9}.Release|Any CPU.ActiveCfg = Release|Any CPU
		{44FC6CE0-41FF-4A3C-AD77-FAA19E3CAAC9}.Release|Any CPU.Build.0 = Release|Any CPU
	EndGlobalSection
	GlobalSection(SolutionProperties) = preSolution
		HideSolutionNode = FALSE
	EndGlobalSection
	GlobalSection(ExtensibilityGlobals) = postSolution
		SolutionGuid = {A2A1616B-9E58-470C-9416-60D7DE2A2489}
	EndGlobalSection
EndGlobal
